
Microsoft Visual Studio Solution File, Format Version 12.00
# Visual Studio 15
VisualStudioVersion = 15.0.26124.0
MinimumVisualStudioVersion = 15.0.26124.0
Project("{FAE04EC0-301F-11D3-BF4B-00C04F79EFBC}") = "GameTOP", "GameTOP\GameTOP.csproj", "{05AEE53B-782D-456C-9B77-44E28DD74D0D}"
EndProject
Project("{FAE04EC0-301F-11D3-BF4B-00C04F79EFBC}") = "GameTOP.Lib", "GameTOP.Lib\GameTOP.Lib.csproj", "{96BD0719-D8C9-45A8-B622-794B3F0E51DB}"
EndProject
Project("{FAE04EC0-301F-11D3-BF4B-00C04F79EFBC}") = "GameTOP.Interface", "GameTOP.Interface\GameTOP.Interface.csproj", "{C37240F9-2903-4836-A56A-335EB3122C42}"
EndProject
Global
	GlobalSection(SolutionConfigurationPlatforms) = preSolution
		Debug|Any CPU = Debug|Any CPU
		Debug|x64 = Debug|x64
		Debug|x86 = Debug|x86
		Release|Any CPU = Release|Any CPU
		Release|x64 = Release|x64
		Release|x86 = Release|x86
	EndGlobalSection
	GlobalSection(SolutionProperties) = preSolution
		HideSolutionNode = FALSE
	EndGlobalSection
	GlobalSection(ProjectConfigurationPlatforms) = postSolution
		{05AEE53B-782D-456C-9B77-44E28DD74D0D}.Debug|Any CPU.ActiveCfg = Debug|Any CPU
		{05AEE53B-782D-456C-9B77-44E28DD74D0D}.Debug|Any CPU.Build.0 = Debug|Any CPU
		{05AEE53B-782D-456C-9B77-44E28DD74D0D}.Debug|x64.ActiveCfg = Debug|Any CPU
		{05AEE53B-782D-456C-9B77-44E28DD74D0D}.Debug|x64.Build.0 = Debug|Any CPU
		{05AEE53B-782D-456C-9B77-44E28DD74D0D}.Debug|x86.ActiveCfg = Debug|Any CPU
		{05AEE53B-782D-456C-9B77-44E28DD74D0D}.Debug|x86.Build.0 = Debug|Any CPU
		{05AEE53B-782D-456C-9B77-44E28DD74D0D}.Release|Any CPU.ActiveCfg = Release|Any CPU
		{05AEE53B-782D-456C-9B77-44E28DD74D0D}.Release|Any CPU.Build.0 = Release|Any CPU
		{05AEE53B-782D-456C-9B77-44E28DD74D0D}.Release|x64.ActiveCfg = Release|Any CPU
		{05AEE53B-782D-456C-9B77-44E28DD74D0D}.Release|x64.Build.0 = Release|Any CPU
		{05AEE53B-782D-456C-9B77-44E28DD74D0D}.Release|x86.ActiveCfg = Release|Any CPU
		{05AEE53B-782D-456C-9B77-44E28DD74D0D}.Release|x86.Build.0 = Release|Any CPU
		{96BD0719-D8C9-45A8-B622-794B3F0E51DB}.Debug|Any CPU.ActiveCfg = Debug|Any CPU
		{96BD0719-D8C9-45A8-B622-794B3F0E51DB}.Debug|Any CPU.Build.0 = Debug|Any CPU
		{96BD0719-D8C9-45A8-B622-794B3F0E51DB}.Debug|x64.ActiveCfg = Debug|Any CPU
		{96BD0719-D8C9-45A8-B622-794B3F0E51DB}.Debug|x64.Build.0 = Debug|Any CPU
		{96BD0719-D8C9-45A8-B622-794B3F0E51DB}.Debug|x86.ActiveCfg = Debug|Any CPU
		{96BD0719-D8C9-45A8-B622-794B3F0E51DB}.Debug|x86.Build.0 = Debug|Any CPU
		{96BD0719-D8C9-45A8-B622-794B3F0E51DB}.Release|Any CPU.ActiveCfg = Release|Any CPU
		{96BD0719-D8C9-45A8-B622-794B3F0E51DB}.Release|Any CPU.Build.0 = Release|Any CPU
		{96BD0719-D8C9-45A8-B622-794B3F0E51DB}.Release|x64.ActiveCfg = Release|Any CPU
		{96BD0719-D8C9-45A8-B622-794B3F0E51DB}.Release|x64.Build.0 = Release|Any CPU
		{96BD0719-D8C9-45A8-B622-794B3F0E51DB}.Release|x86.ActiveCfg = Release|Any CPU
		{96BD0719-D8C9-45A8-B622-794B3F0E51DB}.Release|x86.Build.0 = Release|Any CPU
		{C37240F9-2903-4836-A56A-335EB3122C42}.Debug|Any CPU.ActiveCfg = Debug|Any CPU
		{C37240F9-2903-4836-A56A-335EB3122C42}.Debug|Any CPU.Build.0 = Debug|Any CPU
		{C37240F9-2903-4836-A56A-335EB3122C42}.Debug|x64.ActiveCfg = Debug|Any CPU
		{C37240F9-2903-4836-A56A-335EB3122C42}.Debug|x64.Build.0 = Debug|Any CPU
		{C37240F9-2903-4836-A56A-335EB3122C42}.Debug|x86.ActiveCfg = Debug|Any CPU
		{C37240F9-2903-4836-A56A-335EB3122C42}.Debug|x86.Build.0 = Debug|Any CPU
		{C37240F9-2903-4836-A56A-335EB3122C42}.Release|Any CPU.ActiveCfg = Release|Any CPU
		{C37240F9-2903-4836-A56A-335EB3122C42}.Release|Any CPU.Build.0 = Release|Any CPU
		{C37240F9-2903-4836-A56A-335EB3122C42}.Release|x64.ActiveCfg = Release|Any CPU
		{C37240F9-2903-4836-A56A-335EB3122C42}.Release|x64.Build.0 = Release|Any CPU
		{C37240F9-2903-4836-A56A-335EB3122C42}.Release|x86.ActiveCfg = Release|Any CPU
		{C37240F9-2903-4836-A56A-335EB3122C42}.Release|x86.Build.0 = Release|Any CPU
	EndGlobalSection
EndGlobal
